github.com/codingeasygo/util v0.0.0-20221103081314-a6c91ccf3379 h1:CXtO4LWiFw5ssnY9gM9d6PPVIn588RZUr7WRrsSPf6o=
github.com/codingeasygo/util v0.0.0-20221103081314-a6c91ccf3379/go.mod h1:CE705pc3Xn2F3nqMKhvfaigeXeDudpdteTzbf+2jwig=
golang.org/x/net v0.0.0-20210503060351-7fd8e65b6420 h1:a8jGStKg0XqKDlKqjLrXn0ioF5MH36pT7Z0BRTqLhbk=
golang.org/x/net v0.0.0-20210503060351-7fd8e65b6420/go.mod h1:9nx3DQGgdP8bBQD5qxJ1jj9UTztislL4KSBs9R2vV5Y=
