github.com/codingeasygo/util v0.0.0-20211223063217-e72e25c49ae0 h1:C4rlxQB3YLrE8B+NzlViyFwFCXclbHuENGlKTWsB8EM=
github.com/codingeasygo/util v0.0.0-20211223063217-e72e25c49ae0/go.mod h1:9dg5FLVmPf1T+9CC6Mna6RAyfNjXwUQI5WX27Z+8yIY=
github.com/codingeasygo/util v0.0.0-20220525122810-54b05eefd3a5 h1:A7G1iLhyajNvJnL4LTC4NNoC8kNXxK62cKXuDlJlPDg=
github.com/codingeasygo/util v0.0.0-20220525122810-54b05eefd3a5/go.mod h1:i7nzBGxYUB8lh5CbKRxQOnPfv/lCpTcvpG1bUHq3cc0=
github.com/codingeasygo/util v0.0.0-20220616095238-93d3d9a6d25a h1:0rxmQDDQb/7hb+g0EXXITfzpRnATSxjvi0FbaOL2yQM=
github.com/codingeasygo/util v0.0.0-20220616095238-93d3d9a6d25a/go.mod h1:i7nzBGxYUB8lh5CbKRxQOnPfv/lCpTcvpG1bUHq3cc0=
github.com/codingeasygo/util v0.0.0-20220623040109-0185635c7825 h1:WvZk4p60C1zIv/13Aa47WgusBzU2Hx1dVEuhaPXYdwA=
github.com/codingeasygo/util v0.0.0-20220623040109-0185635c7825/go.mod h1:i7nzBGxYUB8lh5CbKRxQOnPfv/lCpTcvpG1bUHq3cc0=
github.com/codingeasygo/util v0.0.0-20220623053725-dc24abf3902a h1:XcI58MeivcqzGwVYgpJ0974nf+b2jGKAf4v9WSTUCW0=
github.com/codingeasygo/util v0.0.0-20220623053725-dc24abf3902a/go.mod h1:i7nzBGxYUB8lh5CbKRxQOnPfv/lCpTcvpG1bUHq3cc0=
github.com/codingeasygo/util v0.0.0-20220623054738-3b1aae000483 h1:zq4uXe5lN8iLmWVwmEtn4A4Twlgdgzas6lG4JN/dJ4w=
github.com/codingeasygo/util v0.0.0-20220623054738-3b1aae000483/go.mod h1:i7nzBGxYUB8lh5CbKRxQOnPfv/lCpTcvpG1bUHq3cc0=
github.com/codingeasygo/util v0.0.0-20220623054851-f65fb6fe0174 h1:4f6Oz6Fftv/efMs8Mpwsc+zCneXOkoH8WV77s5P7Vdo=
github.com/codingeasygo/util v0.0.0-20220623054851-f65fb6fe0174/go.mod h1:i7nzBGxYUB8lh5CbKRxQOnPfv/lCpTcvpG1bUHq3cc0=
github.com/codingeasygo/util v0.0.0-20220623055427-5ab88cdd9143 h1:yTAHswy+3k+Jm45ceRSci4948JB/EGL8/d9750UreHU=
github.com/codingeasygo/util v0.0.0-20220623055427-5ab88cdd9143/go.mod h1:i7nzBGxYUB8lh5CbKRxQOnPfv/lCpTcvpG1bUHq3cc0=
github.com/codingeasygo/util v0.0.0-20220624052806-4d0080b67231 h1:wgXJhJl1W8dBu42rN7ys4kyAIlIMBiT5uAbEQFNhU2k=
github.com/codingeasygo/util v0.0.0-20220624052806-4d0080b67231/go.mod h1:i7nzBGxYUB8lh5CbKRxQOnPfv/lCpTcvpG1bUHq3cc0=
github.com/codingeasygo/util v0.0.0-20220624070446-5e12e05276a6 h1:xPdo0lNaiaHACXL1uQKgF3jDPSDZYTALiuz58etUto0=
github.com/codingeasygo/util v0.0.0-20220624070446-5e12e05276a6/go.mod h1:i7nzBGxYUB8lh5CbKRxQOnPfv/lCpTcvpG1bUHq3cc0=
github.com/codingeasygo/util v0.0.0-20220624071601-c2edecb160e1 h1:D+onYhokb3p8c97OPwb07Itm5twCBRxPMHe+PkQihiA=
github.com/codingeasygo/util v0.0.0-20220624071601-c2edecb160e1/go.mod h1:i7nzBGxYUB8lh5CbKRxQOnPfv/lCpTcvpG1bUHq3cc0=
github.com/codingeasygo/util v0.0.0-20220624075151-b44b5096d94e h1:SawCVQ7l3IxiV9j+Ri/f/AVqlgMPAgTS7i0LyDHP/Sg=
github.com/codingeasygo/util v0.0.0-20220624075151-b44b5096d94e/go.mod h1:i7nzBGxYUB8lh5CbKRxQOnPfv/lCpTcvpG1bUHq3cc0=
github.com/codingeasygo/util v0.0.0-20220624093106-76d0e2e6de69 h1:jGOd0cx8G/t/kPpUoNtewrhr5PNjOCgrUB8nvg3JFrU=
github.com/codingeasygo/util v0.0.0-20220624093106-76d0e2e6de69/go.mod h1:i7nzBGxYUB8lh5CbKRxQOnPfv/lCpTcvpG1bUHq3cc0=
github.com/codingeasygo/util v0.0.0-20220625045859-f829e697a4f4 h1:lVn/+YP5DgmOD9gFDMRVinyGlhCceD3Wa+9mNDN5Uq8=
github.com/codingeasygo/util v0.0.0-20220625045859-f829e697a4f4/go.mod h1:i7nzBGxYUB8lh5CbKRxQOnPfv/lCpTcvpG1bUHq3cc0=
github.com/codingeasygo/util v0.0.0-20220625091103-e27810e60ba1 h1:iRgJ2XcyVkVDZw6S/jmWfTQpEEhwwec0Rhsb2gqXvMo=
github.com/codingeasygo/util v0.0.0-20220625091103-e27810e60ba1/go.mod h1:i7nzBGxYUB8lh5CbKRxQOnPfv/lCpTcvpG1bUHq3cc0=
github.com/codingeasygo/util v0.0.0-20220625112226-209ccfe4499f h1:KdoQEINPfNXXU2FdY/nV/lYLZisXH/8N9lZZGfPz2Zo=
github.com/codingeasygo/util v0.0.0-20220625112226-209ccfe4499f/go.mod h1:i7nzBGxYUB8lh5CbKRxQOnPfv/lCpTcvpG1bUHq3cc0=
github.com/codingeasygo/util v0.0.0-20220625115529-96781f194f22 h1:CNS0m9V2hIwAJjn3XxGLw6P7C+3uLLTIYm0Xe1jwuU4=
github.com/codingeasygo/util v0.0.0-20220625115529-96781f194f22/go.mod h1:i7nzBGxYUB8lh5CbKRxQOnPfv/lCpTcvpG1bUHq3cc0=
github.com/codingeasygo/util v0.0.0-20220625121426-028d3e59f604 h1:I1QRbYIo0EkQh9HZ1WqiQwTzSF/M/gsjg/o/SK0b7u0=
github.com/codingeasygo/util v0.0.0-20220625121426-028d3e59f604/go.mod h1:i7nzBGxYUB8lh5CbKRxQOnPfv/lCpTcvpG1bUHq3cc0=
golang.org/x/net v0.0.0-20210503060351-7fd8e65b6420 h1:a8jGStKg0XqKDlKqjLrXn0ioF5MH36pT7Z0BRTqLhbk=
golang.org/x/net v0.0.0-20210503060351-7fd8e65b6420/go.mod h1:9nx3DQGgdP8bBQD5qxJ1jj9UTztislL4KSBs9R2vV5Y=
golang.org/x/sys v0.0.0-20201119102817-f84b799fce68/go.mod h1:h1NjWce9XRLGQEsW7wpKNCjG9DtNlClVuFLEZdDNbEs=
golang.org/x/sys v0.0.0-20210423082822-04245dca01da/go.mod h1:h1NjWce9XRLGQEsW7wpKNCjG9DtNlClVuFLEZdDNbEs=
golang.org/x/term v0.0.0-20201126162022-7de9c90e9dd1/go.mod h1:bj7SfCRtBDWHUb9snDiAeCFNEtKQo2Wmx5Cou7ajbmo=
golang.org/x/text v0.3.6/go.mod h1:5Zoc/QRtKVWzQhOtBMvqHzDpF6irO9z98xDceosuGiQ=
golang.org/x/tools v0.0.0-20180917221912-90fa682c2a6e/go.mod h1:n7NCudcB/nEzxVGmLbDWY5pfWTLqBcC2KZ6jyYvM4mQ=
